
Microsoft Visual Studio Solution File, Format Version 12.00
# Visual Studio 2013
VisualStudioVersion = 12.0.31101.0
MinimumVisualStudioVersion = 10.0.40219.1
Project("{FAE04EC0-301F-11D3-BF4B-00C04F79EFBC}") = "GetWDWHours", "GetWDWHours\GetWDWHours.csproj", "{B31A0936-574F-48CE-8FFF-DACA032C72F2}"
EndProject
Project("{FAE04EC0-301F-11D3-BF4B-00C04F79EFBC}") = "EventModels", "EventModels\EventModels.csproj", "{78AC114A-E322-4E9A-BEB9-0F5B49227357}"
EndProject
Project("{FAE04EC0-301F-11D3-BF4B-00C04F79EFBC}") = "Repositories", "Repositories\Repositories.csproj", "{FBD1463A-EB87-4786-BC2E-2DD08F96DE1B}"
EndProject
Project("{2150E333-8FDC-42A3-9474-1A3956D46DE8}") = ".nuget", ".nuget", "{34951179-2DF9-496C-9064-869FB593EBA8}"
	ProjectSection(SolutionItems) = preProject
		.nuget\packages.config = .nuget\packages.config
	EndProjectSection
EndProject
Project("{FAE04EC0-301F-11D3-BF4B-00C04F79EFBC}") = "ParkViewer", "ParkViewer\ParkViewer.csproj", "{709C91D1-3F21-4705-A1E6-01A32DF5D1D3}"
EndProject
Global
	GlobalSection(SolutionConfigurationPlatforms) = preSolution
		Debug|Any CPU = Debug|Any CPU
		Release|Any CPU = Release|Any CPU
	EndGlobalSection
	GlobalSection(ProjectConfigurationPlatforms) = postSolution
		{B31A0936-574F-48CE-8FFF-DACA032C72F2}.Debug|Any CPU.ActiveCfg = Debug|Any CPU
		{B31A0936-574F-48CE-8FFF-DACA032C72F2}.Debug|Any CPU.Build.0 = Debug|Any CPU
		{B31A0936-574F-48CE-8FFF-DACA032C72F2}.Release|Any CPU.ActiveCfg = Release|Any CPU
		{B31A0936-574F-48CE-8FFF-DACA032C72F2}.Release|Any CPU.Build.0 = Release|Any CPU
		{78AC114A-E322-4E9A-BEB9-0F5B49227357}.Debug|Any CPU.ActiveCfg = Debug|Any CPU
		{78AC114A-E322-4E9A-BEB9-0F5B49227357}.Debug|Any CPU.Build.0 = Debug|Any CPU
		{78AC114A-E322-4E9A-BEB9-0F5B49227357}.Release|Any CPU.ActiveCfg = Release|Any CPU
		{78AC114A-E322-4E9A-BEB9-0F5B49227357}.Release|Any CPU.Build.0 = Release|Any CPU
		{FBD1463A-EB87-4786-BC2E-2DD08F96DE1B}.Debug|Any CPU.ActiveCfg = Debug|Any CPU
		{FBD1463A-EB87-4786-BC2E-2DD08F96DE1B}.Debug|Any CPU.Build.0 = Debug|Any CPU
		{FBD1463A-EB87-4786-BC2E-2DD08F96DE1B}.Release|Any CPU.ActiveCfg = Release|Any CPU
		{FBD1463A-EB87-4786-BC2E-2DD08F96DE1B}.Release|Any CPU.Build.0 = Release|Any CPU
		{709C91D1-3F21-4705-A1E6-01A32DF5D1D3}.Debug|Any CPU.ActiveCfg = Debug|Any CPU
		{709C91D1-3F21-4705-A1E6-01A32DF5D1D3}.Debug|Any CPU.Build.0 = Debug|Any CPU
		{709C91D1-3F21-4705-A1E6-01A32DF5D1D3}.Release|Any CPU.ActiveCfg = Release|Any CPU
		{709C91D1-3F21-4705-A1E6-01A32DF5D1D3}.Release|Any CPU.Build.0 = Release|Any CPU
	EndGlobalSection
	GlobalSection(SolutionProperties) = preSolution
		HideSolutionNode = FALSE
	EndGlobalSection
EndGlobal
