
Microsoft Visual Studio Solution File, Format Version 12.00
# Visual Studio 2012
Project("{FAE04EC0-301F-11D3-BF4B-00C04F79EFBC}") = "GetWDWHours", "GetWDWHours\GetWDWHours.csproj", "{B31A0936-574F-48CE-8FFF-DACA032C72F2}"
EndProject
Project("{FAE04EC0-301F-11D3-BF4B-00C04F79EFBC}") = "EventModels", "EventModels\EventModels.csproj", "{78AC114A-E322-4E9A-BEB9-0F5B49227357}"
EndProject
Global
	GlobalSection(SolutionConfigurationPlatforms) = preSolution
		Debug|Any CPU = Debug|Any CPU
		Release|Any CPU = Release|Any CPU
	EndGlobalSection
	GlobalSection(ProjectConfigurationPlatforms) = postSolution
		{B31A0936-574F-48CE-8FFF-DACA032C72F2}.Debug|Any CPU.ActiveCfg = Debug|Any CPU
		{B31A0936-574F-48CE-8FFF-DACA032C72F2}.Debug|Any CPU.Build.0 = Debug|Any CPU
		{B31A0936-574F-48CE-8FFF-DACA032C72F2}.Release|Any CPU.ActiveCfg = Release|Any CPU
		{B31A0936-574F-48CE-8FFF-DACA032C72F2}.Release|Any CPU.Build.0 = Release|Any CPU
		{78AC114A-E322-4E9A-BEB9-0F5B49227357}.Debug|Any CPU.ActiveCfg = Debug|Any CPU
		{78AC114A-E322-4E9A-BEB9-0F5B49227357}.Debug|Any CPU.Build.0 = Debug|Any CPU
		{78AC114A-E322-4E9A-BEB9-0F5B49227357}.Release|Any CPU.ActiveCfg = Release|Any CPU
		{78AC114A-E322-4E9A-BEB9-0F5B49227357}.Release|Any CPU.Build.0 = Release|Any CPU
	EndGlobalSection
	GlobalSection(SolutionProperties) = preSolution
		HideSolutionNode = FALSE
	EndGlobalSection
EndGlobal
